
Microsoft Visual Studio Solution File, Format Version 12.00
# Visual Studio Version 17
VisualStudioVersion = 17.11.35327.3
MinimumVisualStudioVersion = 10.0.40219.1
Project("{8BC9CEB8-8B4A-11D0-8D11-00A0C91BC942}") = "Day01_HashTable", "Day01_HashTable\Day01_HashTable.vcxproj", "{B6B57874-1A82-427C-AB52-3D1D6B3790A7}"
EndProject
Global
	GlobalSection(SolutionConfigurationPlatforms) = preSolution
		Debug|x64 = Debug|x64
		Debug|x86 = Debug|x86
		Release|x64 = Release|x64
		Release|x86 = Release|x86
	EndGlobalSection
	GlobalSection(ProjectConfigurationPlatforms) = postSolution
		{B6B57874-1A82-427C-AB52-3D1D6B3790A7}.Debug|x64.ActiveCfg = Debug|x64
		{B6B57874-1A82-427C-AB52-3D1D6B3790A7}.Debug|x64.Build.0 = Debug|x64
		{B6B57874-1A82-427C-AB52-3D1D6B3790A7}.Debug|x86.ActiveCfg = Debug|Win32
		{B6B57874-1A82-427C-AB52-3D1D6B3790A7}.Debug|x86.Build.0 = Debug|Win32
		{B6B57874-1A82-427C-AB52-3D1D6B3790A7}.Release|x64.ActiveCfg = Release|x64
		{B6B57874-1A82-427C-AB52-3D1D6B3790A7}.Release|x64.Build.0 = Release|x64
		{B6B57874-1A82-427C-AB52-3D1D6B3790A7}.Release|x86.ActiveCfg = Release|Win32
		{B6B57874-1A82-427C-AB52-3D1D6B3790A7}.Release|x86.Build.0 = Release|Win32
	EndGlobalSection
	GlobalSection(SolutionProperties) = preSolution
		HideSolutionNode = FALSE
	EndGlobalSection
	GlobalSection(ExtensibilityGlobals) = postSolution
		SolutionGuid = {8C4B7FDC-F7A5-445B-AF47-5D99C7B69851}
	EndGlobalSection
EndGlobal
